{
  "requires": true,
  "lockfileVersion": 1,
  "dependencies": {
    "al-shah": {
      "version": "1.9.7",
      "resolved": "https://registry.npmjs.org/al-shah/-/al-shah-1.9.7.tgz",
      "integrity": "sha512-/lby9LRVuJ/7ylcTl6ijNVSgF/a6jihRv74DOstQnAoCPKToF0BZ6H/ABPAqIMxnluAjKKB18s6wQNlyvg7X7Q=="
    }
  }
}
